
Microsoft Visual Studio Solution File, Format Version 12.00
# Visual Studio 15
VisualStudioVersion = 15.0.26020.0
MinimumVisualStudioVersion = 10.0.40219.1
Project("{FAE04EC0-301F-11D3-BF4B-00C04F79EFBC}") = "DragableCardsUI", "DragableCardsUI\DragableCardsUI.csproj", "{E57F707C-8605-405E-9C45-B93BD7CABC9D}"
EndProject
Global
	GlobalSection(SolutionConfigurationPlatforms) = preSolution
		Debug|Any CPU = Debug|Any CPU
		Release|Any CPU = Release|Any CPU
	EndGlobalSection
	GlobalSection(ProjectConfigurationPlatforms) = postSolution
		{E57F707C-8605-405E-9C45-B93BD7CABC9D}.Debug|Any CPU.ActiveCfg = Debug|Any CPU
		{E57F707C-8605-405E-9C45-B93BD7CABC9D}.Debug|Any CPU.Build.0 = Debug|Any CPU
		{E57F707C-8605-405E-9C45-B93BD7CABC9D}.Release|Any CPU.ActiveCfg = Release|Any CPU
		{E57F707C-8605-405E-9C45-B93BD7CABC9D}.Release|Any CPU.Build.0 = Release|Any CPU
	EndGlobalSection
	GlobalSection(SolutionProperties) = preSolution
		HideSolutionNode = FALSE
	EndGlobalSection
EndGlobal
